
Microsoft Visual Studio Solution File, Format Version 12.00
# Visual Studio Version 17
VisualStudioVersion = 17.10.35013.160
MinimumVisualStudioVersion = 10.0.40219.1
Project("{9A19103F-16F7-4668-BE54-9A1E7A4F7556}") = "WinFormsApp1", "WinFormsApp1\WinFormsApp1.csproj", "{A6214EE8-409E-4BE6-BC22-2087AC50C0A3}"
EndProject
Project("{FAE04EC0-301F-11D3-BF4B-00C04F79EFBC}") = "Test", "Test\Test.csproj", "{B82B24C9-E9D9-4E48-8829-73020BDA5151}"
EndProject
Global
	GlobalSection(SolutionConfigurationPlatforms) = preSolution
		Debug|Any CPU = Debug|Any CPU
		Release|Any CPU = Release|Any CPU
	EndGlobalSection
	GlobalSection(ProjectConfigurationPlatforms) = postSolution
		{A6214EE8-409E-4BE6-BC22-2087AC50C0A3}.Debug|Any CPU.ActiveCfg = Debug|Any CPU
		{A6214EE8-409E-4BE6-BC22-2087AC50C0A3}.Debug|Any CPU.Build.0 = Debug|Any CPU
		{A6214EE8-409E-4BE6-BC22-2087AC50C0A3}.Release|Any CPU.ActiveCfg = Release|Any CPU
		{A6214EE8-409E-4BE6-BC22-2087AC50C0A3}.Release|Any CPU.Build.0 = Release|Any CPU
		{B82B24C9-E9D9-4E48-8829-73020BDA5151}.Debug|Any CPU.ActiveCfg = Debug|Any CPU
		{B82B24C9-E9D9-4E48-8829-73020BDA5151}.Debug|Any CPU.Build.0 = Debug|Any CPU
		{B82B24C9-E9D9-4E48-8829-73020BDA5151}.Release|Any CPU.ActiveCfg = Release|Any CPU
		{B82B24C9-E9D9-4E48-8829-73020BDA5151}.Release|Any CPU.Build.0 = Release|Any CPU
	EndGlobalSection
	GlobalSection(SolutionProperties) = preSolution
		HideSolutionNode = FALSE
	EndGlobalSection
	GlobalSection(ExtensibilityGlobals) = postSolution
		SolutionGuid = {01818FBE-052E-4D62-A80B-9D23BB2F867F}
	EndGlobalSection
EndGlobal
